// !$*UTF8*$!
{
	archiveVersion = 1;
	classes = {
	};
	objectVersion = 56;
	objects = {

/* Begin PBXBuildFile section */
		17ABAEBE296DAA2000C9DF4D /* AppDelegate.swift in Sources */ = {isa = PBXBuildFile; fileRef = 17ABAEBD296DAA2000C9DF4D /* AppDelegate.swift */; };
		17ABAEC0296DAA2000C9DF4D /* SceneDelegate.swift in Sources */ = {isa = PBXBuildFile; fileRef = 17ABAEBF296DAA2000C9DF4D /* SceneDelegate.swift */; };
		17ABAEC2296DAA2000C9DF4D /* ViewController.swift in Sources */ = {isa = PBXBuildFile; fileRef = 17ABAEC1296DAA2000C9DF4D /* ViewController.swift */; };
		17ABAEC5296DAA2000C9DF4D /* Main.storyboard in Resources */ = {isa = PBXBuildFile; fileRef = 17ABAEC3296DAA2000C9DF4D /* Main.storyboard */; };
		17ABAEC7296DAA2300C9DF4D /* Assets.xcassets in Resources */ = {isa = PBXBuildFile; fileRef = 17ABAEC6296DAA2300C9DF4D /* Assets.xcassets */; };
		17ABAECA296DAA2300C9DF4D /* LaunchScreen.storyboard in Resources */ = {isa = PBXBuildFile; fileRef = 17ABAEC8296DAA2300C9DF4D /* LaunchScreen.storyboard */; };
		17ABAED5296DAA2300C9DF4D /* CounterTests.swift in Sources */ = {isa = PBXBuildFile; fileRef = 17ABAED4296DAA2300C9DF4D /* CounterTests.swift */; };
		17ABAEDF296DAA2300C9DF4D /* CounterUITests.swift in Sources */ = {isa = PBXBuildFile; fileRef = 17ABAEDE296DAA2300C9DF4D /* CounterUITests.swift */; };
		17ABAEE1296DAA2300C9DF4D /* CounterUITestsLaunchTests.swift in Sources */ = {isa = PBXBuildFile; fileRef = 17ABAEE0296DAA2300C9DF4D /* CounterUITestsLaunchTests.swift */; };
/* End PBXBuildFile section */

/* Begin PBXContainerItemProxy section */
		17ABAED1296DAA2300C9DF4D /* PBXContainerItemProxy */ = {
			isa = PBXContainerItemProxy;
			containerPortal = 17ABAEB2296DAA2000C9DF4D /* Project object */;
			proxyType = 1;
			remoteGlobalIDString = 17ABAEB9296DAA2000C9DF4D;
			remoteInfo = Counter;
		};
		17ABAEDB296DAA2300C9DF4D /* PBXContainerItemProxy */ = {
			isa = PBXContainerItemProxy;
			containerPortal = 17ABAEB2296DAA2000C9DF4D /* Project object */;
			proxyType = 1;
			remoteGlobalIDString = 17ABAEB9296DAA2000C9DF4D;
			remoteInfo = Counter;
		};
/* End PBXContainerItemProxy section */

/* Begin PBXFileReference section */
		17ABAEBA296DAA2000C9DF4D /* Counter.app */ = {isa = PBXFileReference; explicitFileType = wrapper.application; includeInIndex = 0; path = Counter.app; sourceTree = BUILT_PRODUCTS_DIR; };
		17ABAEBD296DAA2000C9DF4D /* AppDelegate.swift */ = {isa = PBXFileReference; lastKnownFileType = sourcecode.swift; path = AppDelegate.swift; sourceTree = "<group>"; };
		17ABAEBF296DAA2000C9DF4D /* SceneDelegate.swift */ = {isa = PBXFileReference; lastKnownFileType = sourcecode.swift; path = SceneDelegate.swift; sourceTree = "<group>"; };
		17ABAEC1296DAA2000C9DF4D /* ViewController.swift */ = {isa = PBXFileReference; lastKnownFileType = sourcecode.swift; path = ViewController.swift; sourceTree = "<group>"; };
		17ABAEC4296DAA2000C9DF4D /* Base */ = {isa = PBXFileReference; lastKnownFileType = file.storyboard; name = Base; path = Base.lproj/Main.storyboard; sourceTree = "<group>"; };
		17ABAEC6296DAA2300C9DF4D /* Assets.xcassets */ = {isa = PBXFileReference; lastKnownFileType = folder.assetcatalog; path = Assets.xcassets; sourceTree = "<group>"; };
		17ABAEC9296DAA2300C9DF4D /* Base */ = {isa = PBXFileReference; lastKnownFileType = file.storyboard; name = Base; path = Base.lproj/LaunchScreen.storyboard; sourceTree = "<group>"; };
		17ABAECB296DAA2300C9DF4D /* Info.plist */ = {isa = PBXFileReference; lastKnownFileType = text.plist.xml; path = Info.plist; sourceTree = "<group>"; };
		17ABAED0296DAA2300C9DF4D /* CounterTests.xctest */ = {isa = PBXFileReference; explicitFileType = wrapper.cfbundle; includeInIndex = 0; path = CounterTests.xctest; sourceTree = BUILT_PRODUCTS_DIR; };
		17ABAED4296DAA2300C9DF4D /* CounterTests.swift */ = {isa = PBXFileReference; lastKnownFileType = sourcecode.swift; path = CounterTests.swift; sourceTree = "<group>"; };
		17ABAEDA296DAA2300C9DF4D /* CounterUITests.xctest */ = {isa = PBXFileReference; explicitFileType = wrapper.cfbundle; includeInIndex = 0; path = CounterUITests.xctest; sourceTree = BUILT_PRODUCTS_DIR; };
		17ABAEDE296DAA2300C9DF4D /* CounterUITests.swift */ = {isa = PBXFileReference; lastKnownFileType = sourcecode.swift; path = CounterUITests.swift; sourceTree = "<group>"; };
		17ABAEE0296DAA2300C9DF4D /* CounterUITestsLaunchTests.swift */ = {isa = PBXFileReference; lastKnownFileType = sourcecode.swift; path = CounterUITestsLaunchTests.swift; sourceTree = "<group>"; };
/* End PBXFileReference section */

/* Begin PBXFrameworksBuildPhase section */
		17ABAEB7296DAA2000C9DF4D /* Frameworks */ = {
			isa = PBXFrameworksBuildPhase;
			buildActionMask = 2147483647;
			files = (
			);
			runOnlyForDeploymentPostprocessing = 0;
		};
		17ABAECD296DAA2300C9DF4D /* Frameworks */ = {
			isa = PBXFrameworksBuildPhase;
			buildActionMask = 2147483647;
			files = (
			);
			runOnlyForDeploymentPostprocessing = 0;
		};
		17ABAED7296DAA2300C9DF4D /* Frameworks */ = {
			isa = PBXFrameworksBuildPhase;
			buildActionMask = 2147483647;
			files = (
			);
			runOnlyForDeploymentPostprocessing = 0;
		};
/* End PBXFrameworksBuildPhase section */

/* Begin PBXGroup section */
		17ABAEB1296DAA2000C9DF4D = {
			isa = PBXGroup;
			children = (
				17ABAEBC296DAA2000C9DF4D /* Counter */,
				17ABAED3296DAA2300C9DF4D /* CounterTests */,
				17ABAEDD296DAA2300C9DF4D /* CounterUITests */,
				17ABAEBB296DAA2000C9DF4D /* Products */,
			);
			sourceTree = "<group>";
		};
		17ABAEBB296DAA2000C9DF4D /* Products */ = {
			isa = PBXGroup;
			children = (
				17ABAEBA296DAA2000C9DF4D /* Counter.app */,
				17ABAED0296DAA2300C9DF4D /* CounterTests.xctest */,
				17ABAEDA296DAA2300C9DF4D /* CounterUITests.xctest */,
			);
			name = Products;
			sourceTree = "<group>";
		};
		17ABAEBC296DAA2000C9DF4D /* Counter */ = {
			isa = PBXGroup;
			children = (
				17ABAEBD296DAA2000C9DF4D /* AppDelegate.swift */,
				17ABAEBF296DAA2000C9DF4D /* SceneDelegate.swift */,
				17ABAEC1296DAA2000C9DF4D /* ViewController.swift */,
				17ABAEC3296DAA2000C9DF4D /* Main.storyboard */,
				17ABAEC6296DAA2300C9DF4D /* Assets.xcassets */,
				17ABAEC8296DAA2300C9DF4D /* LaunchScreen.storyboard */,
				17ABAECB296DAA2300C9DF4D /* Info.plist */,
			);
			path = Counter;
			sourceTree = "<group>";
		};
		17ABAED3296DAA2300C9DF4D /* CounterTests */ = {
			isa = PBXGroup;
			children = (
				17ABAED4296DAA2300C9DF4D /* CounterTests.swift */,
			);
			path = CounterTests;
			sourceTree = "<group>";
		};
		17ABAEDD296DAA2300C9DF4D /* CounterUITests */ = {
			isa = PBXGroup;
			children = (
				17ABAEDE296DAA2300C9DF4D /* CounterUITests.swift */,
				17ABAEE0296DAA2300C9DF4D /* CounterUITestsLaunchTests.swift */,
			);
			path = CounterUITests;
			sourceTree = "<group>";
		};
/* End PBXGroup section */

/* Begin PBXNativeTarget section */
		17ABAEB9296DAA2000C9DF4D /* Counter */ = {
			isa = PBXNativeTarget;
			buildConfigurationList = 17ABAEE4296DAA2300C9DF4D /* Build configuration list for PBXNativeTarget "Counter" */;
			buildPhases = (
				17ABAEB6296DAA2000C9DF4D /* Sources */,
				17ABAEB7296DAA2000C9DF4D /* Frameworks */,
				17ABAEB8296DAA2000C9DF4D /* Resources */,
			);
			buildRules = (
			);
			dependencies = (
			);
			name = Counter;
			productName = Counter;
			productReference = 17ABAEBA296DAA2000C9DF4D /* Counter.app */;
			productType = "com.apple.product-type.application";
		};
		17ABAECF296DAA2300C9DF4D /* CounterTests */ = {
			isa = PBXNativeTarget;
			buildConfigurationList = 17ABAEE7296DAA2300C9DF4D /* Build configuration list for PBXNativeTarget "CounterTests" */;
			buildPhases = (
				17ABAECC296DAA2300C9DF4D /* Sources */,
				17ABAECD296DAA2300C9DF4D /* Frameworks */,
				17ABAECE296DAA2300C9DF4D /* Resources */,
			);
			buildRules = (
			);
			dependencies = (
				17ABAED2296DAA2300C9DF4D /* PBXTargetDependency */,
			);
			name = CounterTests;
			productName = CounterTests;
			productReference = 17ABAED0296DAA2300C9DF4D /* CounterTests.xctest */;
			productType = "com.apple.product-type.bundle.unit-test";
		};
		17ABAED9296DAA2300C9DF4D /* CounterUITests */ = {
			isa = PBXNativeTarget;
			buildConfigurationList = 17ABAEEA296DAA2300C9DF4D /* Build configuration list for PBXNativeTarget "CounterUITests" */;
			buildPhases = (
				17ABAED6296DAA2300C9DF4D /* Sources */,
				17ABAED7296DAA2300C9DF4D /* Frameworks */,
				17ABAED8296DAA2300C9DF4D /* Resources */,
			);
			buildRules = (
			);
			dependencies = (
				17ABAEDC296DAA2300C9DF4D /* PBXTargetDependency */,
			);
			name = CounterUITests;
			productName = CounterUITests;
			productReference = 17ABAEDA296DAA2300C9DF4D /* CounterUITests.xctest */;
			productType = "com.apple.product-type.bundle.ui-testing";
		};
/* End PBXNativeTarget section */

/* Begin PBXProject section */
		17ABAEB2296DAA2000C9DF4D /* Project object */ = {
			isa = PBXProject;
			attributes = {
				BuildIndependentTargetsInParallel = 1;
				LastSwiftUpdateCheck = 1420;
				LastUpgradeCheck = 1420;
				TargetAttributes = {
					17ABAEB9296DAA2000C9DF4D = {
						CreatedOnToolsVersion = 14.2;
					};
					17ABAECF296DAA2300C9DF4D = {
						CreatedOnToolsVersion = 14.2;
						TestTargetID = 17ABAEB9296DAA2000C9DF4D;
					};
					17ABAED9296DAA2300C9DF4D = {
						CreatedOnToolsVersion = 14.2;
						TestTargetID = 17ABAEB9296DAA2000C9DF4D;
					};
				};
			};
			buildConfigurationList = 17ABAEB5296DAA2000C9DF4D /* Build configuration list for PBXProject "Counter" */;
			compatibilityVersion = "Xcode 14.0";
			developmentRegion = en;
			hasScannedForEncodings = 0;
			knownRegions = (
				en,
				Base,
			);
			mainGroup = 17ABAEB1296DAA2000C9DF4D;
			productRefGroup = 17ABAEBB296DAA2000C9DF4D /* Products */;
			projectDirPath = "";
			projectRoot = "";
			targets = (
				17ABAEB9296DAA2000C9DF4D /* Counter */,
				17ABAECF296DAA2300C9DF4D /* CounterTests */,
				17ABAED9296DAA2300C9DF4D /* CounterUITests */,
			);
		};
/* End PBXProject section */

/* Begin PBXResourcesBuildPhase section */
		17ABAEB8296DAA2000C9DF4D /* Resources */ = {
			isa = PBXResourcesBuildPhase;
			buildActionMask = 2147483647;
			files = (
				17ABAECA296DAA2300C9DF4D /* LaunchScreen.storyboard in Resources */,
				17ABAEC7296DAA2300C9DF4D /* Assets.xcassets in Resources */,
				17ABAEC5296DAA2000C9DF4D /* Main.storyboard in Resources */,
			);
			runOnlyForDeploymentPostprocessing = 0;
		};
		17ABAECE296DAA2300C9DF4D /* Resources */ = {
			isa = PBXResourcesBuildPhase;
			buildActionMask = 2147483647;
			files = (
			);
			runOnlyForDeploymentPostprocessing = 0;
		};
		17ABAED8296DAA2300C9DF4D /* Resources */ = {
			isa = PBXResourcesBuildPhase;
			buildActionMask = 2147483647;
			files = (
			);
			runOnlyForDeploymentPostprocessing = 0;
		};
/* End PBXResourcesBuildPhase section */

/* Begin PBXSourcesBuildPhase section */
		17ABAEB6296DAA2000C9DF4D /* Sources */ = {
			isa = PBXSourcesBuildPhase;
			buildActionMask = 2147483647;
			files = (
				17ABAEC2296DAA2000C9DF4D /* ViewController.swift in Sources */,
				17ABAEBE296DAA2000C9DF4D /* AppDelegate.swift in Sources */,
				17ABAEC0296DAA2000C9DF4D /* SceneDelegate.swift in Sources */,
			);
			runOnlyForDeploymentPostprocessing = 0;
		};
		17ABAECC296DAA2300C9DF4D /* Sources */ = {
			isa = PBXSourcesBuildPhase;
			buildActionMask = 2147483647;
			files = (
				17ABAED5296DAA2300C9DF4D /* CounterTests.swift in Sources */,
			);
			runOnlyForDeploymentPostprocessing = 0;
		};
		17ABAED6296DAA2300C9DF4D /* Sources */ = {
			isa = PBXSourcesBuildPhase;
			buildActionMask = 2147483647;
			files = (
				17ABAEDF296DAA2300C9DF4D /* CounterUITests.swift in Sources */,
				17ABAEE1296DAA2300C9DF4D /* CounterUITestsLaunchTests.swift in Sources */,
			);
			runOnlyForDeploymentPostprocessing = 0;
		};
/* End PBXSourcesBuildPhase section */

/* Begin PBXTargetDependency section */
		17ABAED2296DAA2300C9DF4D /* PBXTargetDependency */ = {
			isa = PBXTargetDependency;
			target = 17ABAEB9296DAA2000C9DF4D /* Counter */;
			targetProxy = 17ABAED1296DAA2300C9DF4D /* PBXContainerItemProxy */;
		};
		17ABAEDC296DAA2300C9DF4D /* PBXTargetDependency */ = {
			isa = PBXTargetDependency;
			target = 17ABAEB9296DAA2000C9DF4D /* Counter */;
			targetProxy = 17ABAEDB296DAA2300C9DF4D /* PBXContainerItemProxy */;
		};
/* End PBXTargetDependency section */

/* Begin PBXVariantGroup section */
		17ABAEC3296DAA2000C9DF4D /* Main.storyboard */ = {
			isa = PBXVariantGroup;
			children = (
				17ABAEC4296DAA2000C9DF4D /* Base */,
			);
			name = Main.storyboard;
			sourceTree = "<group>";
		};
		17ABAEC8296DAA2300C9DF4D /* LaunchScreen.storyboard */ = {
			isa = PBXVariantGroup;
			children = (
				17ABAEC9296DAA2300C9DF4D /* Base */,
			);
			name = LaunchScreen.storyboard;
			sourceTree = "<group>";
		};
/* End PBXVariantGroup section */

/* Begin XCBuildConfiguration section */
		17ABAEE2296DAA2300C9DF4D /* Debug */ = {
			isa = XCBuildConfiguration;
			buildSettings = {
				ALWAYS_SEARCH_USER_PATHS = NO;
				CLANG_ANALYZER_NONNULL = YES;
				CLANG_ANALYZER_NUMBER_OBJECT_CONVERSION = YES_AGGRESSIVE;
				CLANG_CXX_LANGUAGE_STANDARD = "gnu++20";
				CLANG_ENABLE_MODULES = YES;
				CLANG_ENABLE_OBJC_ARC = YES;
				CLANG_ENABLE_OBJC_WEAK = YES;
				CLANG_WARN_BLOCK_CAPTURE_AUTORELEASING = YES;
				CLANG_WARN_BOOL_CONVERSION = YES;
				CLANG_WARN_COMMA = YES;
				CLANG_WARN_CONSTANT_CONVERSION = YES;
				CLANG_WARN_DEPRECATED_OBJC_IMPLEMENTATIONS = YES;
				CLANG_WARN_DIRECT_OBJC_ISA_USAGE = YES_ERROR;
				CLANG_WARN_DOCUMENTATION_COMMENTS = YES;
				CLANG_WARN_EMPTY_BODY = YES;
				CLANG_WARN_ENUM_CONVERSION = YES;
				CLANG_WARN_INFINITE_RECURSION = YES;
				CLANG_WARN_INT_CONVERSION = YES;
				CLANG_WARN_NON_LITERAL_NULL_CONVERSION = YES;
				CLANG_WARN_OBJC_IMPLICIT_RETAIN_SELF = YES;
				CLANG_WARN_OBJC_LITERAL_CONVERSION = YES;
				CLANG_WARN_OBJC_ROOT_CLASS = YES_ERROR;
				CLANG_WARN_QUOTED_INCLUDE_IN_FRAMEWORK_HEADER = YES;
				CLANG_WARN_RANGE_LOOP_ANALYSIS = YES;
				CLANG_WARN_STRICT_PROTOTYPES = YES;
				CLANG_WARN_SUSPICIOUS_MOVE = YES;
				CLANG_WARN_UNGUARDED_AVAILABILITY = YES_AGGRESSIVE;
				CLANG_WARN_UNREACHABLE_CODE = YES;
				CLANG_WARN__DUPLICATE_METHOD_MATCH = YES;
				COPY_PHASE_STRIP = NO;
				DEBUG_INFORMATION_FORMAT = dwarf;
				ENABLE_STRICT_OBJC_MSGSEND = YES;
				ENABLE_TESTABILITY = YES;
				GCC_C_LANGUAGE_STANDARD = gnu11;
				GCC_DYNAMIC_NO_PIC = NO;
				GCC_NO_COMMON_BLOCKS = YES;
				GCC_OPTIMIZATION_LEVEL = 0;
				GCC_PREPROCESSOR_DEFINITIONS = (
					"DEBUG=1",
					"$(inherited)",
				);
				GCC_WARN_64_TO_32_BIT_CONVERSION = YES;
				GCC_WARN_ABOUT_RETURN_TYPE = YES_ERROR;
				GCC_WARN_UNDECLARED_SELECTOR = YES;
				GCC_WARN_UNINITIALIZED_AUTOS = YES_AGGRESSIVE;
				GCC_WARN_UNUSED_FUNCTION = YES;
				GCC_WARN_UNUSED_VARIABLE = YES;
				IPHONEOS_DEPLOYMENT_TARGET = 16.2;
				MTL_ENABLE_DEBUG_INFO = INCLUDE_SOURCE;
				MTL_FAST_MATH = YES;
				ONLY_ACTIVE_ARCH = YES;
				SDKROOT = iphoneos;
				SWIFT_ACTIVE_COMPILATION_CONDITIONS = DEBUG;
				SWIFT_OPTIMIZATION_LEVEL = "-Onone";
			};
			name = Debug;
		};
		17ABAEE3296DAA2300C9DF4D /* Release */ = {
			isa = XCBuildConfiguration;
			buildSettings = {
				ALWAYS_SEARCH_USER_PATHS = NO;
				CLANG_ANALYZER_NONNULL = YES;
				CLANG_ANALYZER_NUMBER_OBJECT_CONVERSION = YES_AGGRESSIVE;
				CLANG_CXX_LANGUAGE_STANDARD = "gnu++20";
				CLANG_ENABLE_MODULES = YES;
				CLANG_ENABLE_OBJC_ARC = YES;
				CLANG_ENABLE_OBJC_WEAK = YES;
				CLANG_WARN_BLOCK_CAPTURE_AUTORELEASING = YES;
				CLANG_WARN_BOOL_CONVERSION = YES;
				CLANG_WARN_COMMA = YES;
				CLANG_WARN_CONSTANT_CONVERSION = YES;
				CLANG_WARN_DEPRECATED_OBJC_IMPLEMENTATIONS = YES;
				CLANG_WARN_DIRECT_OBJC_ISA_USAGE = YES_ERROR;
				CLANG_WARN_DOCUMENTATION_COMMENTS = YES;
				CLANG_WARN_EMPTY_BODY = YES;
				CLANG_WARN_ENUM_CONVERSION = YES;
				CLANG_WARN_INFINITE_RECURSION = YES;
				CLANG_WARN_INT_CONVERSION = YES;
				CLANG_WARN_NON_LITERAL_NULL_CONVERSION = YES;
				CLANG_WARN_OBJC_IMPLICIT_RETAIN_SELF = YES;
				CLANG_WARN_OBJC_LITERAL_CONVERSION = YES;
				CLANG_WARN_OBJC_ROOT_CLASS = YES_ERROR;
				CLANG_WARN_QUOTED_INCLUDE_IN_FRAMEWORK_HEADER = YES;
				CLANG_WARN_RANGE_LOOP_ANALYSIS = YES;
				CLANG_WARN_STRICT_PROTOTYPES = YES;
				CLANG_WARN_SUSPICIOUS_MOVE = YES;
				CLANG_WARN_UNGUARDED_AVAILABILITY = YES_AGGRESSIVE;
				CLANG_WARN_UNREACHABLE_CODE = YES;
				CLANG_WARN__DUPLICATE_METHOD_MATCH = YES;
				COPY_PHASE_STRIP = NO;
				DEBUG_INFORMATION_FORMAT = "dwarf-with-dsym";
				ENABLE_NS_ASSERTIONS = NO;
				ENABLE_STRICT_OBJC_MSGSEND = YES;
				GCC_C_LANGUAGE_STANDARD = gnu11;
				GCC_NO_COMMON_BLOCKS = YES;
				GCC_WARN_64_TO_32_BIT_CONVERSION = YES;
				GCC_WARN_ABOUT_RETURN_TYPE = YES_ERROR;
				GCC_WARN_UNDECLARED_SELECTOR = YES;
				GCC_WARN_UNINITIALIZED_AUTOS = YES_AGGRESSIVE;
				GCC_WARN_UNUSED_FUNCTION = YES;
				GCC_WARN_UNUSED_VARIABLE = YES;
				IPHONEOS_DEPLOYMENT_TARGET = 16.2;
				MTL_ENABLE_DEBUG_INFO = NO;
				MTL_FAST_MATH = YES;
				SDKROOT = iphoneos;
				SWIFT_COMPILATION_MODE = wholemodule;
				SWIFT_OPTIMIZATION_LEVEL = "-O";
				VALIDATE_PRODUCT = YES;
			};
			name = Release;
		};
		17ABAEE5296DAA2300C9DF4D /* Debug */ = {
			isa = XCBuildConfiguration;
			buildSettings = {
				ASSETCATALOG_COMPILER_APPICON_NAME = AppIcon;
				ASSETCATALOG_COMPILER_GLOBAL_ACCENT_COLOR_NAME = AccentColor;
				CODE_SIGN_STYLE = Automatic;
				CURRENT_PROJECT_VERSION = 1;
				GENERATE_INFOPLIST_FILE = YES;
				INFOPLIST_FILE = Counter/Info.plist;
				INFOPLIST_KEY_UIApplicationSupportsIndirectInputEvents = YES;
				INFOPLIST_KEY_UILaunchStoryboardName = LaunchScreen;
				INFOPLIST_KEY_UIMainStoryboardFile = Main;
				INFOPLIST_KEY_UISupportedInterfaceOrientations_iPad = "UIInterfaceOrientationPortrait UIInterfaceOrientationPortraitUpsideDown UIInterfaceOrientationLandscapeLeft UIInterfaceOrientationLandscapeRight";
				INFOPLIST_KEY_UISupportedInterfaceOrientations_iPhone = "UIInterfaceOrientationPortrait UIInterfaceOrientationLandscapeLeft UIInterfaceOrientationLandscapeRight";
				LD_RUNPATH_SEARCH_PATHS = (
					"$(inherited)",
					"@executable_path/Frameworks",
				);
				MARKETING_VERSION = 1.0;
				PRODUCT_BUNDLE_IDENTIFIER = Test.Counter;
				PRODUCT_NAME = "$(TARGET_NAME)";
				SWIFT_EMIT_LOC_STRINGS = YES;
				SWIFT_VERSION = 5.0;
				TARGETED_DEVICE_FAMILY = "1,2";
			};
			name = Debug;
		};
		17ABAEE6296DAA2300C9DF4D /* Release */ = {
			isa = XCBuildConfiguration;
			buildSettings = {
				ASSETCATALOG_COMPILER_APPICON_NAME = AppIcon;
				ASSETCATALOG_COMPILER_GLOBAL_ACCENT_COLOR_NAME = AccentColor;
				CODE_SIGN_STYLE = Automatic;
				CURRENT_PROJECT_VERSION = 1;
				GENERATE_INFOPLIST_FILE = YES;
				INFOPLIST_FILE = Counter/Info.plist;
				INFOPLIST_KEY_UIApplicationSupportsIndirectInputEvents = YES;
				INFOPLIST_KEY_UILaunchStoryboardName = LaunchScreen;
				INFOPLIST_KEY_UIMainStoryboardFile = Main;
				INFOPLIST_KEY_UISupportedInterfaceOrientations_iPad = "UIInterfaceOrientationPortrait UIInterfaceOrientationPortraitUpsideDown UIInterfaceOrientationLandscapeLeft UIInterfaceOrientationLandscapeRight";
				INFOPLIST_KEY_UISupportedInterfaceOrientations_iPhone = "UIInterfaceOrientationPortrait UIInterfaceOrientationLandscapeLeft UIInterfaceOrientationLandscapeRight";
				LD_RUNPATH_SEARCH_PATHS = (
					"$(inherited)",
					"@executable_path/Frameworks",
				);
				MARKETING_VERSION = 1.0;
				PRODUCT_BUNDLE_IDENTIFIER = Test.Counter;
				PRODUCT_NAME = "$(TARGET_NAME)";
				SWIFT_EMIT_LOC_STRINGS = YES;
				SWIFT_VERSION = 5.0;
				TARGETED_DEVICE_FAMILY = "1,2";
			};
			name = Release;
		};
		17ABAEE8296DAA2300C9DF4D /* Debug */ = {
			isa = XCBuildConfiguration;
			buildSettings = {
				ALWAYS_EMBED_SWIFT_STANDARD_LIBRARIES = YES;
				BUNDLE_LOADER = "$(TEST_HOST)";
				CODE_SIGN_STYLE = Automatic;
				CURRENT_PROJECT_VERSION = 1;
				GENERATE_INFOPLIST_FILE = YES;
				IPHONEOS_DEPLOYMENT_TARGET = 16.2;
				MARKETING_VERSION = 1.0;
				PRODUCT_BUNDLE_IDENTIFIER = Test.CounterTests;
				PRODUCT_NAME = "$(TARGET_NAME)";
				SWIFT_EMIT_LOC_STRINGS = NO;
				SWIFT_VERSION = 5.0;
				TARGETED_DEVICE_FAMILY = "1,2";
				TEST_HOST = "$(BUILT_PRODUCTS_DIR)/Counter.app/$(BUNDLE_EXECUTABLE_FOLDER_PATH)/Counter";
			};
			name = Debug;
		};
		17ABAEE9296DAA2300C9DF4D /* Release */ = {
			isa = XCBuildConfiguration;
			buildSettings = {
				ALWAYS_EMBED_SWIFT_STANDARD_LIBRARIES = YES;
				BUNDLE_LOADER = "$(TEST_HOST)";
				CODE_SIGN_STYLE = Automatic;
				CURRENT_PROJECT_VERSION = 1;
				GENERATE_INFOPLIST_FILE = YES;
				IPHONEOS_DEPLOYMENT_TARGET = 16.2;
				MARKETING_VERSION = 1.0;
				PRODUCT_BUNDLE_IDENTIFIER = Test.CounterTests;
				PRODUCT_NAME = "$(TARGET_NAME)";
				SWIFT_EMIT_LOC_STRINGS = NO;
				SWIFT_VERSION = 5.0;
				TARGETED_DEVICE_FAMILY = "1,2";
				TEST_HOST = "$(BUILT_PRODUCTS_DIR)/Counter.app/$(BUNDLE_EXECUTABLE_FOLDER_PATH)/Counter";
			};
			name = Release;
		};
		17ABAEEB296DAA2300C9DF4D /* Debug */ = {
			isa = XCBuildConfiguration;
			buildSettings = {
				ALWAYS_EMBED_SWIFT_STANDARD_LIBRARIES = YES;
				CODE_SIGN_STYLE = Automatic;
				CURRENT_PROJECT_VERSION = 1;
				GENERATE_INFOPLIST_FILE = YES;
				MARKETING_VERSION = 1.0;
				PRODUCT_BUNDLE_IDENTIFIER = Test.CounterUITests;
				PRODUCT_NAME = "$(TARGET_NAME)";
				SWIFT_EMIT_LOC_STRINGS = NO;
				SWIFT_VERSION = 5.0;
				TARGETED_DEVICE_FAMILY = "1,2";
				TEST_TARGET_NAME = Counter;
			};
			name = Debug;
		};
		17ABAEEC296DAA2300C9DF4D /* Release */ = {
			isa = XCBuildConfiguration;
			buildSettings = {
				ALWAYS_EMBED_SWIFT_STANDARD_LIBRARIES = YES;
				CODE_SIGN_STYLE = Automatic;
				CURRENT_PROJECT_VERSION = 1;
				GENERATE_INFOPLIST_FILE = YES;
				MARKETING_VERSION = 1.0;
				PRODUCT_BUNDLE_IDENTIFIER = Test.CounterUITests;
				PRODUCT_NAME = "$(TARGET_NAME)";
				SWIFT_EMIT_LOC_STRINGS = NO;
				SWIFT_VERSION = 5.0;
				TARGETED_DEVICE_FAMILY = "1,2";
				TEST_TARGET_NAME = Counter;
			};
			name = Release;
		};
/* End XCBuildConfiguration section */

/* Begin XCConfigurationList section */
		17ABAEB5296DAA2000C9DF4D /* Build configuration list for PBXProject "Counter" */ = {
			isa = XCConfigurationList;
			buildConfigurations = (
				17ABAEE2296DAA2300C9DF4D /* Debug */,
				17ABAEE3296DAA2300C9DF4D /* Release */,
			);
			defaultConfigurationIsVisible = 0;
			defaultConfigurationName = Release;
		};
		17ABAEE4296DAA2300C9DF4D /* Build configuration list for PBXNativeTarget "Counter" */ = {
			isa = XCConfigurationList;
			buildConfigurations = (
				17ABAEE5296DAA2300C9DF4D /* Debug */,
				17ABAEE6296DAA2300C9DF4D /* Release */,
			);
			defaultConfigurationIsVisible = 0;
			defaultConfigurationName = Release;
		};
		17ABAEE7296DAA2300C9DF4D /* Build configuration list for PBXNativeTarget "CounterTests" */ = {
			isa = XCConfigurationList;
			buildConfigurations = (
				17ABAEE8296DAA2300C9DF4D /* Debug */,
				17ABAEE9296DAA2300C9DF4D /* Release */,
			);
			defaultConfigurationIsVisible = 0;
			defaultConfigurationName = Release;
		};
		17ABAEEA296DAA2300C9DF4D /* Build configuration list for PBXNativeTarget "CounterUITests" */ = {
			isa = XCConfigurationList;
			buildConfigurations = (
				17ABAEEB296DAA2300C9DF4D /* Debug */,
				17ABAEEC296DAA2300C9DF4D /* Release */,
			);
			defaultConfigurationIsVisible = 0;
			defaultConfigurationName = Release;
		};
/* End XCConfigurationList section */
	};
	rootObject = 17ABAEB2296DAA2000C9DF4D /* Project object */;
}
